components:
  image_block: &image-block
    label: 'Image Block'
    name: 'imageBlock'
    widget: 'object'
    collapsed: true
    summary: 'Image Block'
    fields:
      - { label: 'Type', name: 'type', widget: 'hidden', default: 'ImageBlock' }
      - { label: 'Wide', name: 'wide', widget: 'boolean', required: false }
      - { label: 'Imagem', name: 'src', widget: 'image' }
      - { label: 'Texto Alternativo', name: 'alt', widget: 'string', required: false }
      - { label: 'Descrição', name: 'description', widget: 'string', required: false }
